{
  "name": "terraform-aws-github-ci",
  "version": "0.0.0",
  "lockfileVersion": 1,
  "requires": true,
  "dependencies": {
    "git-hooks": {
      "version": "https://registry.npmjs.org/git-hooks/-/git-hooks-1.1.9.tgz",
      "integrity": "sha1-tQoNgJ8aXJI+cC53CuEvTLxSZBM=",
      "dev": true
    }
  }
}
